
Microsoft Visual Studio Solution File, Format Version 12.00
# Visual Studio Version 17
VisualStudioVersion = 17.12.35527.113 d17.12
MinimumVisualStudioVersion = 10.0.40219.1
Project("{FAE04EC0-301F-11D3-BF4B-00C04F79EFBC}") = "Basics 2 of C#", "Basics 2 of C#\Basics 2 of C#.csproj", "{8AA7266E-7975-4C62-8764-9BB1B63EA077}"
EndProject
Project("{FAE04EC0-301F-11D3-BF4B-00C04F79EFBC}") = "Demo 2", "Demo 2\Demo 2.csproj", "{C81C1C4C-121B-410F-A8A0-F69E5EB69FDC}"
EndProject
Global
	GlobalSection(SolutionConfigurationPlatforms) = preSolution
		Debug|Any CPU = Debug|Any CPU
		Release|Any CPU = Release|Any CPU
	EndGlobalSection
	GlobalSection(ProjectConfigurationPlatforms) = postSolution
		{8AA7266E-7975-4C62-8764-9BB1B63EA077}.Debug|Any CPU.ActiveCfg = Debug|Any CPU
		{8AA7266E-7975-4C62-8764-9BB1B63EA077}.Debug|Any CPU.Build.0 = Debug|Any CPU
		{8AA7266E-7975-4C62-8764-9BB1B63EA077}.Release|Any CPU.ActiveCfg = Release|Any CPU
		{8AA7266E-7975-4C62-8764-9BB1B63EA077}.Release|Any CPU.Build.0 = Release|Any CPU
		{C81C1C4C-121B-410F-A8A0-F69E5EB69FDC}.Debug|Any CPU.ActiveCfg = Debug|Any CPU
		{C81C1C4C-121B-410F-A8A0-F69E5EB69FDC}.Debug|Any CPU.Build.0 = Debug|Any CPU
		{C81C1C4C-121B-410F-A8A0-F69E5EB69FDC}.Release|Any CPU.ActiveCfg = Release|Any CPU
		{C81C1C4C-121B-410F-A8A0-F69E5EB69FDC}.Release|Any CPU.Build.0 = Release|Any CPU
	EndGlobalSection
	GlobalSection(SolutionProperties) = preSolution
		HideSolutionNode = FALSE
	EndGlobalSection
EndGlobal
